// !$*UTF8*$!
{
	archiveVersion = 1;
	classes = {
	};
	objectVersion = 56;
	objects = {

/* Begin PBXBuildFile section */
		B52FBCEBE01C419CA54A1287 /* Pods_ToDo.framework in Frameworks */ = {isa = PBXBuildFile; fileRef = 4D86C0ABE079183F6A233376 /* Pods_ToDo.framework */; };
		F615866029DBA19300EB7CB2 /* CategoryViewController.swift in Sources */ = {isa = PBXBuildFile; fileRef = F615865F29DBA19300EB7CB2 /* CategoryViewController.swift */; };
		F66FF0A229DEB3A700D1DDC2 /* SwipeTableViewController.swift in Sources */ = {isa = PBXBuildFile; fileRef = F66FF0A129DEB3A700D1DDC2 /* SwipeTableViewController.swift */; };
		F672BAF429D35DFD00F3F358 /* AppDelegate.swift in Sources */ = {isa = PBXBuildFile; fileRef = F672BAF329D35DFD00F3F358 /* AppDelegate.swift */; };
		F672BAF629D35DFD00F3F358 /* SceneDelegate.swift in Sources */ = {isa = PBXBuildFile; fileRef = F672BAF529D35DFD00F3F358 /* SceneDelegate.swift */; };
		F672BAF829D35DFD00F3F358 /* TodoListViewController.swift in Sources */ = {isa = PBXBuildFile; fileRef = F672BAF729D35DFD00F3F358 /* TodoListViewController.swift */; };
		F672BAFB29D35DFD00F3F358 /* Main.storyboard in Resources */ = {isa = PBXBuildFile; fileRef = F672BAF929D35DFD00F3F358 /* Main.storyboard */; };
		F672BAFD29D35DFE00F3F358 /* Assets.xcassets in Resources */ = {isa = PBXBuildFile; fileRef = F672BAFC29D35DFE00F3F358 /* Assets.xcassets */; };
		F672BB0029D35DFE00F3F358 /* LaunchScreen.storyboard in Resources */ = {isa = PBXBuildFile; fileRef = F672BAFE29D35DFE00F3F358 /* LaunchScreen.storyboard */; };
		F672BB0C29D3ECD400F3F358 /* Item.swift in Sources */ = {isa = PBXBuildFile; fileRef = F672BB0B29D3ECD400F3F358 /* Item.swift */; };
		F6C1062F29DB9F2800F5EFAC /* DataModel.xcdatamodeld in Sources */ = {isa = PBXBuildFile; fileRef = F6C1062D29DB9F2800F5EFAC /* DataModel.xcdatamodeld */; };
/* End PBXBuildFile section */

/* Begin PBXFileReference section */
		4D86C0ABE079183F6A233376 /* Pods_ToDo.framework */ = {isa = PBXFileReference; explicitFileType = wrapper.framework; includeInIndex = 0; path = Pods_ToDo.framework; sourceTree = BUILT_PRODUCTS_DIR; };
		6AF70EABC1C5D9C5E49DB378 /* Pods-ToDo.release.xcconfig */ = {isa = PBXFileReference; includeInIndex = 1; lastKnownFileType = text.xcconfig; name = "Pods-ToDo.release.xcconfig"; path = "Target Support Files/Pods-ToDo/Pods-ToDo.release.xcconfig"; sourceTree = "<group>"; };
		C17B5A7C507D2CDAFF3D0119 /* Pods-ToDo.debug.xcconfig */ = {isa = PBXFileReference; includeInIndex = 1; lastKnownFileType = text.xcconfig; name = "Pods-ToDo.debug.xcconfig"; path = "Target Support Files/Pods-ToDo/Pods-ToDo.debug.xcconfig"; sourceTree = "<group>"; };
		F615865F29DBA19300EB7CB2 /* CategoryViewController.swift */ = {isa = PBXFileReference; lastKnownFileType = sourcecode.swift; path = CategoryViewController.swift; sourceTree = "<group>"; };
		F66FF0A129DEB3A700D1DDC2 /* SwipeTableViewController.swift */ = {isa = PBXFileReference; lastKnownFileType = sourcecode.swift; path = SwipeTableViewController.swift; sourceTree = "<group>"; };
		F672BAF029D35DFD00F3F358 /* ToDo.app */ = {isa = PBXFileReference; explicitFileType = wrapper.application; includeInIndex = 0; path = ToDo.app; sourceTree = BUILT_PRODUCTS_DIR; };
		F672BAF329D35DFD00F3F358 /* AppDelegate.swift */ = {isa = PBXFileReference; lastKnownFileType = sourcecode.swift; path = AppDelegate.swift; sourceTree = "<group>"; };
		F672BAF529D35DFD00F3F358 /* SceneDelegate.swift */ = {isa = PBXFileReference; lastKnownFileType = sourcecode.swift; path = SceneDelegate.swift; sourceTree = "<group>"; };
		F672BAF729D35DFD00F3F358 /* TodoListViewController.swift */ = {isa = PBXFileReference; lastKnownFileType = sourcecode.swift; path = TodoListViewController.swift; sourceTree = "<group>"; };
		F672BAFA29D35DFD00F3F358 /* Base */ = {isa = PBXFileReference; lastKnownFileType = file.storyboard; name = Base; path = Base.lproj/Main.storyboard; sourceTree = "<group>"; };
		F672BAFC29D35DFE00F3F358 /* Assets.xcassets */ = {isa = PBXFileReference; lastKnownFileType = folder.assetcatalog; path = Assets.xcassets; sourceTree = "<group>"; };
		F672BAFF29D35DFE00F3F358 /* Base */ = {isa = PBXFileReference; lastKnownFileType = file.storyboard; name = Base; path = Base.lproj/LaunchScreen.storyboard; sourceTree = "<group>"; };
		F672BB0129D35DFE00F3F358 /* Info.plist */ = {isa = PBXFileReference; lastKnownFileType = text.plist.xml; path = Info.plist; sourceTree = "<group>"; };
		F672BB0B29D3ECD400F3F358 /* Item.swift */ = {isa = PBXFileReference; lastKnownFileType = sourcecode.swift; path = Item.swift; sourceTree = "<group>"; };
		F6C1062E29DB9F2800F5EFAC /* DataModel.xcdatamodel */ = {isa = PBXFileReference; lastKnownFileType = wrapper.xcdatamodel; path = DataModel.xcdatamodel; sourceTree = "<group>"; };
/* End PBXFileReference section */

/* Begin PBXFrameworksBuildPhase section */
		F672BAED29D35DFD00F3F358 /* Frameworks */ = {
			isa = PBXFrameworksBuildPhase;
			buildActionMask = 2147483647;
			files = (
				B52FBCEBE01C419CA54A1287 /* Pods_ToDo.framework in Frameworks */,
			);
			runOnlyForDeploymentPostprocessing = 0;
		};
/* End PBXFrameworksBuildPhase section */

/* Begin PBXGroup section */
		102BCC44224BC2BDC4CC8D3F /* Pods */ = {
			isa = PBXGroup;
			children = (
				C17B5A7C507D2CDAFF3D0119 /* Pods-ToDo.debug.xcconfig */,
				6AF70EABC1C5D9C5E49DB378 /* Pods-ToDo.release.xcconfig */,
			);
			path = Pods;
			sourceTree = "<group>";
		};
		950FBC2EAF53D4650F9D06FF /* Frameworks */ = {
			isa = PBXGroup;
			children = (
				4D86C0ABE079183F6A233376 /* Pods_ToDo.framework */,
			);
			name = Frameworks;
			sourceTree = "<group>";
		};
		F672BAE729D35DFD00F3F358 = {
			isa = PBXGroup;
			children = (
				F672BAF229D35DFD00F3F358 /* ToDo */,
				F672BAF129D35DFD00F3F358 /* Products */,
				102BCC44224BC2BDC4CC8D3F /* Pods */,
				950FBC2EAF53D4650F9D06FF /* Frameworks */,
			);
			sourceTree = "<group>";
		};
		F672BAF129D35DFD00F3F358 /* Products */ = {
			isa = PBXGroup;
			children = (
				F672BAF029D35DFD00F3F358 /* ToDo.app */,
			);
			name = Products;
			sourceTree = "<group>";
		};
		F672BAF229D35DFD00F3F358 /* ToDo */ = {
			isa = PBXGroup;
			children = (
				F672BB0A29D3ECA600F3F358 /* Model */,
				F672BAF329D35DFD00F3F358 /* AppDelegate.swift */,
				F672BAF529D35DFD00F3F358 /* SceneDelegate.swift */,
				F672BB0729D3EC4800F3F358 /* Controllers */,
				F672BB0829D3EC5500F3F358 /* views */,
				F672BB0929D3EC6C00F3F358 /* Supporting Files */,
				F672BB0129D35DFE00F3F358 /* Info.plist */,
			);
			path = ToDo;
			sourceTree = "<group>";
		};
		F672BB0729D3EC4800F3F358 /* Controllers */ = {
			isa = PBXGroup;
			children = (
				F615865F29DBA19300EB7CB2 /* CategoryViewController.swift */,
				F672BAF729D35DFD00F3F358 /* TodoListViewController.swift */,
				F66FF0A129DEB3A700D1DDC2 /* SwipeTableViewController.swift */,
			);
			path = Controllers;
			sourceTree = "<group>";
		};
		F672BB0829D3EC5500F3F358 /* views */ = {
			isa = PBXGroup;
			children = (
				F672BAF929D35DFD00F3F358 /* Main.storyboard */,
			);
			path = views;
			sourceTree = "<group>";
		};
		F672BB0929D3EC6C00F3F358 /* Supporting Files */ = {
			isa = PBXGroup;
			children = (
				F672BAFC29D35DFE00F3F358 /* Assets.xcassets */,
				F672BAFE29D35DFE00F3F358 /* LaunchScreen.storyboard */,
			);
			path = "Supporting Files";
			sourceTree = "<group>";
		};
		F672BB0A29D3ECA600F3F358 /* Model */ = {
			isa = PBXGroup;
			children = (
				F672BB0B29D3ECD400F3F358 /* Item.swift */,
				F6C1062D29DB9F2800F5EFAC /* DataModel.xcdatamodeld */,
			);
			path = Model;
			sourceTree = "<group>";
		};
/* End PBXGroup section */

/* Begin PBXNativeTarget section */
		F672BAEF29D35DFD00F3F358 /* ToDo */ = {
			isa = PBXNativeTarget;
			buildConfigurationList = F672BB0429D35DFE00F3F358 /* Build configuration list for PBXNativeTarget "ToDo" */;
			buildPhases = (
				29303D0726578ED1CC494BA6 /* [CP] Check Pods Manifest.lock */,
				F672BAEC29D35DFD00F3F358 /* Sources */,
				F672BAED29D35DFD00F3F358 /* Frameworks */,
				F672BAEE29D35DFD00F3F358 /* Resources */,
				A98B80A1AD808C8A2A0597E1 /* [CP] Embed Pods Frameworks */,
			);
			buildRules = (
			);
			dependencies = (
			);
			name = ToDo;
			productName = ToDo;
			productReference = F672BAF029D35DFD00F3F358 /* ToDo.app */;
			productType = "com.apple.product-type.application";
		};
/* End PBXNativeTarget section */

/* Begin PBXProject section */
		F672BAE829D35DFD00F3F358 /* Project object */ = {
			isa = PBXProject;
			attributes = {
				BuildIndependentTargetsInParallel = 1;
				LastSwiftUpdateCheck = 1420;
				LastUpgradeCheck = 1420;
				TargetAttributes = {
					F672BAEF29D35DFD00F3F358 = {
						CreatedOnToolsVersion = 14.2;
					};
				};
			};
			buildConfigurationList = F672BAEB29D35DFD00F3F358 /* Build configuration list for PBXProject "ToDo" */;
			compatibilityVersion = "Xcode 14.0";
			developmentRegion = en;
			hasScannedForEncodings = 0;
			knownRegions = (
				en,
				Base,
			);
			mainGroup = F672BAE729D35DFD00F3F358;
			productRefGroup = F672BAF129D35DFD00F3F358 /* Products */;
			projectDirPath = "";
			projectRoot = "";
			targets = (
				F672BAEF29D35DFD00F3F358 /* ToDo */,
			);
		};
/* End PBXProject section */

/* Begin PBXResourcesBuildPhase section */
		F672BAEE29D35DFD00F3F358 /* Resources */ = {
			isa = PBXResourcesBuildPhase;
			buildActionMask = 2147483647;
			files = (
				F672BB0029D35DFE00F3F358 /* LaunchScreen.storyboard in Resources */,
				F672BAFD29D35DFE00F3F358 /* Assets.xcassets in Resources */,
				F672BAFB29D35DFD00F3F358 /* Main.storyboard in Resources */,
			);
			runOnlyForDeploymentPostprocessing = 0;
		};
/* End PBXResourcesBuildPhase section */

/* Begin PBXShellScriptBuildPhase section */
		29303D0726578ED1CC494BA6 /* [CP] Check Pods Manifest.lock */ = {
			isa = PBXShellScriptBuildPhase;
			buildActionMask = 2147483647;
			files = (
			);
			inputFileListPaths = (
			);
			inputPaths = (
				"${PODS_PODFILE_DIR_PATH}/Podfile.lock",
				"${PODS_ROOT}/Manifest.lock",
			);
			name = "[CP] Check Pods Manifest.lock";
			outputFileListPaths = (
			);
			outputPaths = (
				"$(DERIVED_FILE_DIR)/Pods-ToDo-checkManifestLockResult.txt",
			);
			runOnlyForDeploymentPostprocessing = 0;
			shellPath = /bin/sh;
			shellScript = "diff \"${PODS_PODFILE_DIR_PATH}/Podfile.lock\" \"${PODS_ROOT}/Manifest.lock\" > /dev/null\nif [ $? != 0 ] ; then\n    # print error to STDERR\n    echo \"error: The sandbox is not in sync with the Podfile.lock. Run 'pod install' or update your CocoaPods installation.\" >&2\n    exit 1\nfi\n# This output is used by Xcode 'outputs' to avoid re-running this script phase.\necho \"SUCCESS\" > \"${SCRIPT_OUTPUT_FILE_0}\"\n";
			showEnvVarsInLog = 0;
		};
		A98B80A1AD808C8A2A0597E1 /* [CP] Embed Pods Frameworks */ = {
			isa = PBXShellScriptBuildPhase;
			buildActionMask = 2147483647;
			files = (
			);
			inputFileListPaths = (
				"${PODS_ROOT}/Target Support Files/Pods-ToDo/Pods-ToDo-frameworks-${CONFIGURATION}-input-files.xcfilelist",
			);
			name = "[CP] Embed Pods Frameworks";
			outputFileListPaths = (
				"${PODS_ROOT}/Target Support Files/Pods-ToDo/Pods-ToDo-frameworks-${CONFIGURATION}-output-files.xcfilelist",
			);
			runOnlyForDeploymentPostprocessing = 0;
			shellPath = /bin/sh;
			shellScript = "\"${PODS_ROOT}/Target Support Files/Pods-ToDo/Pods-ToDo-frameworks.sh\"\n";
			showEnvVarsInLog = 0;
		};
/* End PBXShellScriptBuildPhase section */

/* Begin PBXSourcesBuildPhase section */
		F672BAEC29D35DFD00F3F358 /* Sources */ = {
			isa = PBXSourcesBuildPhase;
			buildActionMask = 2147483647;
			files = (
				F672BAF829D35DFD00F3F358 /* TodoListViewController.swift in Sources */,
				F672BAF429D35DFD00F3F358 /* AppDelegate.swift in Sources */,
				F6C1062F29DB9F2800F5EFAC /* DataModel.xcdatamodeld in Sources */,
				F66FF0A229DEB3A700D1DDC2 /* SwipeTableViewController.swift in Sources */,
				F672BB0C29D3ECD400F3F358 /* Item.swift in Sources */,
				F615866029DBA19300EB7CB2 /* CategoryViewController.swift in Sources */,
				F672BAF629D35DFD00F3F358 /* SceneDelegate.swift in Sources */,
			);
			runOnlyForDeploymentPostprocessing = 0;
		};
/* End PBXSourcesBuildPhase section */

/* Begin PBXVariantGroup section */
		F672BAF929D35DFD00F3F358 /* Main.storyboard */ = {
			isa = PBXVariantGroup;
			children = (
				F672BAFA29D35DFD00F3F358 /* Base */,
			);
			name = Main.storyboard;
			sourceTree = "<group>";
		};
		F672BAFE29D35DFE00F3F358 /* LaunchScreen.storyboard */ = {
			isa = PBXVariantGroup;
			children = (
				F672BAFF29D35DFE00F3F358 /* Base */,
			);
			name = LaunchScreen.storyboard;
			sourceTree = "<group>";
		};
/* End PBXVariantGroup section */

/* Begin XCBuildConfiguration section */
		F672BB0229D35DFE00F3F358 /* Debug */ = {
			isa = XCBuildConfiguration;
			buildSettings = {
				ALWAYS_SEARCH_USER_PATHS = NO;
				CLANG_ANALYZER_NONNULL = YES;
				CLANG_ANALYZER_NUMBER_OBJECT_CONVERSION = YES_AGGRESSIVE;
				CLANG_CXX_LANGUAGE_STANDARD = "gnu++20";
				CLANG_ENABLE_MODULES = YES;
				CLANG_ENABLE_OBJC_ARC = YES;
				CLANG_ENABLE_OBJC_WEAK = YES;
				CLANG_WARN_BLOCK_CAPTURE_AUTORELEASING = YES;
				CLANG_WARN_BOOL_CONVERSION = YES;
				CLANG_WARN_COMMA = YES;
				CLANG_WARN_CONSTANT_CONVERSION = YES;
				CLANG_WARN_DEPRECATED_OBJC_IMPLEMENTATIONS = YES;
				CLANG_WARN_DIRECT_OBJC_ISA_USAGE = YES_ERROR;
				CLANG_WARN_DOCUMENTATION_COMMENTS = YES;
				CLANG_WARN_EMPTY_BODY = YES;
				CLANG_WARN_ENUM_CONVERSION = YES;
				CLANG_WARN_INFINITE_RECURSION = YES;
				CLANG_WARN_INT_CONVERSION = YES;
				CLANG_WARN_NON_LITERAL_NULL_CONVERSION = YES;
				CLANG_WARN_OBJC_IMPLICIT_RETAIN_SELF = YES;
				CLANG_WARN_OBJC_LITERAL_CONVERSION = YES;
				CLANG_WARN_OBJC_ROOT_CLASS = YES_ERROR;
				CLANG_WARN_QUOTED_INCLUDE_IN_FRAMEWORK_HEADER = YES;
				CLANG_WARN_RANGE_LOOP_ANALYSIS = YES;
				CLANG_WARN_STRICT_PROTOTYPES = YES;
				CLANG_WARN_SUSPICIOUS_MOVE = YES;
				CLANG_WARN_UNGUARDED_AVAILABILITY = YES_AGGRESSIVE;
				CLANG_WARN_UNREACHABLE_CODE = YES;
				CLANG_WARN__DUPLICATE_METHOD_MATCH = YES;
				COPY_PHASE_STRIP = NO;
				DEBUG_INFORMATION_FORMAT = dwarf;
				ENABLE_STRICT_OBJC_MSGSEND = YES;
				ENABLE_TESTABILITY = YES;
				GCC_C_LANGUAGE_STANDARD = gnu11;
				GCC_DYNAMIC_NO_PIC = NO;
				GCC_NO_COMMON_BLOCKS = YES;
				GCC_OPTIMIZATION_LEVEL = 0;
				GCC_PREPROCESSOR_DEFINITIONS = (
					"DEBUG=1",
					"$(inherited)",
				);
				GCC_WARN_64_TO_32_BIT_CONVERSION = YES;
				GCC_WARN_ABOUT_RETURN_TYPE = YES_ERROR;
				GCC_WARN_UNDECLARED_SELECTOR = YES;
				GCC_WARN_UNINITIALIZED_AUTOS = YES_AGGRESSIVE;
				GCC_WARN_UNUSED_FUNCTION = YES;
				GCC_WARN_UNUSED_VARIABLE = YES;
				IPHONEOS_DEPLOYMENT_TARGET = 16.2;
				MTL_ENABLE_DEBUG_INFO = INCLUDE_SOURCE;
				MTL_FAST_MATH = YES;
				ONLY_ACTIVE_ARCH = YES;
				SDKROOT = iphoneos;
				SWIFT_ACTIVE_COMPILATION_CONDITIONS = DEBUG;
				SWIFT_OPTIMIZATION_LEVEL = "-Onone";
			};
			name = Debug;
		};
		F672BB0329D35DFE00F3F358 /* Release */ = {
			isa = XCBuildConfiguration;
			buildSettings = {
				ALWAYS_SEARCH_USER_PATHS = NO;
				CLANG_ANALYZER_NONNULL = YES;
				CLANG_ANALYZER_NUMBER_OBJECT_CONVERSION = YES_AGGRESSIVE;
				CLANG_CXX_LANGUAGE_STANDARD = "gnu++20";
				CLANG_ENABLE_MODULES = YES;
				CLANG_ENABLE_OBJC_ARC = YES;
				CLANG_ENABLE_OBJC_WEAK = YES;
				CLANG_WARN_BLOCK_CAPTURE_AUTORELEASING = YES;
				CLANG_WARN_BOOL_CONVERSION = YES;
				CLANG_WARN_COMMA = YES;
				CLANG_WARN_CONSTANT_CONVERSION = YES;
				CLANG_WARN_DEPRECATED_OBJC_IMPLEMENTATIONS = YES;
				CLANG_WARN_DIRECT_OBJC_ISA_USAGE = YES_ERROR;
				CLANG_WARN_DOCUMENTATION_COMMENTS = YES;
				CLANG_WARN_EMPTY_BODY = YES;
				CLANG_WARN_ENUM_CONVERSION = YES;
				CLANG_WARN_INFINITE_RECURSION = YES;
				CLANG_WARN_INT_CONVERSION = YES;
				CLANG_WARN_NON_LITERAL_NULL_CONVERSION = YES;
				CLANG_WARN_OBJC_IMPLICIT_RETAIN_SELF = YES;
				CLANG_WARN_OBJC_LITERAL_CONVERSION = YES;
				CLANG_WARN_OBJC_ROOT_CLASS = YES_ERROR;
				CLANG_WARN_QUOTED_INCLUDE_IN_FRAMEWORK_HEADER = YES;
				CLANG_WARN_RANGE_LOOP_ANALYSIS = YES;
				CLANG_WARN_STRICT_PROTOTYPES = YES;
				CLANG_WARN_SUSPICIOUS_MOVE = YES;
				CLANG_WARN_UNGUARDED_AVAILABILITY = YES_AGGRESSIVE;
				CLANG_WARN_UNREACHABLE_CODE = YES;
				CLANG_WARN__DUPLICATE_METHOD_MATCH = YES;
				COPY_PHASE_STRIP = NO;
				DEBUG_INFORMATION_FORMAT = "dwarf-with-dsym";
				ENABLE_NS_ASSERTIONS = NO;
				ENABLE_STRICT_OBJC_MSGSEND = YES;
				GCC_C_LANGUAGE_STANDARD = gnu11;
				GCC_NO_COMMON_BLOCKS = YES;
				GCC_WARN_64_TO_32_BIT_CONVERSION = YES;
				GCC_WARN_ABOUT_RETURN_TYPE = YES_ERROR;
				GCC_WARN_UNDECLARED_SELECTOR = YES;
				GCC_WARN_UNINITIALIZED_AUTOS = YES_AGGRESSIVE;
				GCC_WARN_UNUSED_FUNCTION = YES;
				GCC_WARN_UNUSED_VARIABLE = YES;
				IPHONEOS_DEPLOYMENT_TARGET = 16.2;
				MTL_ENABLE_DEBUG_INFO = NO;
				MTL_FAST_MATH = YES;
				SDKROOT = iphoneos;
				SWIFT_COMPILATION_MODE = wholemodule;
				SWIFT_OPTIMIZATION_LEVEL = "-O";
				VALIDATE_PRODUCT = YES;
			};
			name = Release;
		};
		F672BB0529D35DFE00F3F358 /* Debug */ = {
			isa = XCBuildConfiguration;
			baseConfigurationReference = C17B5A7C507D2CDAFF3D0119 /* Pods-ToDo.debug.xcconfig */;
			buildSettings = {
				ASSETCATALOG_COMPILER_APPICON_NAME = AppIcon;
				ASSETCATALOG_COMPILER_GLOBAL_ACCENT_COLOR_NAME = AccentColor;
				CODE_SIGN_STYLE = Automatic;
				CURRENT_PROJECT_VERSION = 1;
				DEVELOPMENT_TEAM = NKK7XD3J7Q;
				GENERATE_INFOPLIST_FILE = YES;
				INFOPLIST_FILE = ToDo/Info.plist;
				INFOPLIST_KEY_UIApplicationSupportsIndirectInputEvents = YES;
				INFOPLIST_KEY_UILaunchStoryboardName = LaunchScreen;
				INFOPLIST_KEY_UIMainStoryboardFile = Main;
				INFOPLIST_KEY_UISupportedInterfaceOrientations_iPad = "UIInterfaceOrientationPortrait UIInterfaceOrientationPortraitUpsideDown UIInterfaceOrientationLandscapeLeft UIInterfaceOrientationLandscapeRight";
				INFOPLIST_KEY_UISupportedInterfaceOrientations_iPhone = "UIInterfaceOrientationPortrait UIInterfaceOrientationLandscapeLeft UIInterfaceOrientationLandscapeRight";
				IPHONEOS_DEPLOYMENT_TARGET = 16.0;
				LD_RUNPATH_SEARCH_PATHS = (
					"$(inherited)",
					"@executable_path/Frameworks",
				);
				MARKETING_VERSION = 1.0;
				PRODUCT_BUNDLE_IDENTIFIER = hind.learn.ToDo;
				PRODUCT_NAME = "$(TARGET_NAME)";
				SWIFT_EMIT_LOC_STRINGS = YES;
				SWIFT_VERSION = 5.0;
				TARGETED_DEVICE_FAMILY = "1,2";
			};
			name = Debug;
		};
		F672BB0629D35DFE00F3F358 /* Release */ = {
			isa = XCBuildConfiguration;
			baseConfigurationReference = 6AF70EABC1C5D9C5E49DB378 /* Pods-ToDo.release.xcconfig */;
			buildSettings = {
				ASSETCATALOG_COMPILER_APPICON_NAME = AppIcon;
				ASSETCATALOG_COMPILER_GLOBAL_ACCENT_COLOR_NAME = AccentColor;
				CODE_SIGN_STYLE = Automatic;
				CURRENT_PROJECT_VERSION = 1;
				DEVELOPMENT_TEAM = NKK7XD3J7Q;
				GENERATE_INFOPLIST_FILE = YES;
				INFOPLIST_FILE = ToDo/Info.plist;
				INFOPLIST_KEY_UIApplicationSupportsIndirectInputEvents = YES;
				INFOPLIST_KEY_UILaunchStoryboardName = LaunchScreen;
				INFOPLIST_KEY_UIMainStoryboardFile = Main;
				INFOPLIST_KEY_UISupportedInterfaceOrientations_iPad = "UIInterfaceOrientationPortrait UIInterfaceOrientationPortraitUpsideDown UIInterfaceOrientationLandscapeLeft UIInterfaceOrientationLandscapeRight";
				INFOPLIST_KEY_UISupportedInterfaceOrientations_iPhone = "UIInterfaceOrientationPortrait UIInterfaceOrientationLandscapeLeft UIInterfaceOrientationLandscapeRight";
				IPHONEOS_DEPLOYMENT_TARGET = 16.0;
				LD_RUNPATH_SEARCH_PATHS = (
					"$(inherited)",
					"@executable_path/Frameworks",
				);
				MARKETING_VERSION = 1.0;
				PRODUCT_BUNDLE_IDENTIFIER = hind.learn.ToDo;
				PRODUCT_NAME = "$(TARGET_NAME)";
				SWIFT_EMIT_LOC_STRINGS = YES;
				SWIFT_VERSION = 5.0;
				TARGETED_DEVICE_FAMILY = "1,2";
			};
			name = Release;
		};
/* End XCBuildConfiguration section */

/* Begin XCConfigurationList section */
		F672BAEB29D35DFD00F3F358 /* Build configuration list for PBXProject "ToDo" */ = {
			isa = XCConfigurationList;
			buildConfigurations = (
				F672BB0229D35DFE00F3F358 /* Debug */,
				F672BB0329D35DFE00F3F358 /* Release */,
			);
			defaultConfigurationIsVisible = 0;
			defaultConfigurationName = Release;
		};
		F672BB0429D35DFE00F3F358 /* Build configuration list for PBXNativeTarget "ToDo" */ = {
			isa = XCConfigurationList;
			buildConfigurations = (
				F672BB0529D35DFE00F3F358 /* Debug */,
				F672BB0629D35DFE00F3F358 /* Release */,
			);
			defaultConfigurationIsVisible = 0;
			defaultConfigurationName = Release;
		};
/* End XCConfigurationList section */

/* Begin XCVersionGroup section */
		F6C1062D29DB9F2800F5EFAC /* DataModel.xcdatamodeld */ = {
			isa = XCVersionGroup;
			children = (
				F6C1062E29DB9F2800F5EFAC /* DataModel.xcdatamodel */,
			);
			currentVersion = F6C1062E29DB9F2800F5EFAC /* DataModel.xcdatamodel */;
			path = DataModel.xcdatamodeld;
			sourceTree = "<group>";
			versionGroupType = wrapper.xcdatamodel;
		};
/* End XCVersionGroup section */
	};
	rootObject = F672BAE829D35DFD00F3F358 /* Project object */;
}
